
Microsoft Visual Studio Solution File, Format Version 12.00
# Visual Studio Version 16
VisualStudioVersion = 16.0.31402.337
MinimumVisualStudioVersion = 10.0.40219.1
Project("{9A19103F-16F7-4668-BE54-9A1E7A4F7556}") = "LuftDrive.App", "LuftDrive.App\LuftDrive.App.csproj", "{5C6B374C-D4BC-4309-8A70-EBE1A275C034}"
EndProject
Project("{FAE04EC0-301F-11D3-BF4B-00C04F79EFBC}") = "LuftDrive.WebTest", "LuftDrive.WebTest\LuftDrive.WebTest.csproj", "{82190505-8DAC-4A97-A064-185002717C78}"
EndProject
Global
	GlobalSection(SolutionConfigurationPlatforms) = preSolution
		Debug|Any CPU = Debug|Any CPU
		Release|Any CPU = Release|Any CPU
	EndGlobalSection
	GlobalSection(ProjectConfigurationPlatforms) = postSolution
		{5C6B374C-D4BC-4309-8A70-EBE1A275C034}.Debug|Any CPU.ActiveCfg = Debug|Any CPU
		{5C6B374C-D4BC-4309-8A70-EBE1A275C034}.Debug|Any CPU.Build.0 = Debug|Any CPU
		{5C6B374C-D4BC-4309-8A70-EBE1A275C034}.Release|Any CPU.ActiveCfg = Release|Any CPU
		{5C6B374C-D4BC-4309-8A70-EBE1A275C034}.Release|Any CPU.Build.0 = Release|Any CPU
		{82190505-8DAC-4A97-A064-185002717C78}.Debug|Any CPU.ActiveCfg = Debug|Any CPU
		{82190505-8DAC-4A97-A064-185002717C78}.Debug|Any CPU.Build.0 = Debug|Any CPU
		{82190505-8DAC-4A97-A064-185002717C78}.Release|Any CPU.ActiveCfg = Release|Any CPU
		{82190505-8DAC-4A97-A064-185002717C78}.Release|Any CPU.Build.0 = Release|Any CPU
	EndGlobalSection
	GlobalSection(SolutionProperties) = preSolution
		HideSolutionNode = FALSE
	EndGlobalSection
	GlobalSection(ExtensibilityGlobals) = postSolution
		SolutionGuid = {B0C6506F-C7AC-4E9E-BC87-55179596A3B9}
	EndGlobalSection
EndGlobal
