
Microsoft Visual Studio Solution File, Format Version 12.00
# Visual Studio Version 16
VisualStudioVersion = 16.0.31402.337
MinimumVisualStudioVersion = 10.0.40219.1
Project("{9A19103F-16F7-4668-BE54-9A1E7A4F7556}") = "LuftDrive.WebTest", "LuftDrive.WebTest\LuftDrive.WebTest.csproj", "{82190505-8DAC-4A97-A064-185002717C78}"
EndProject
Project("{FAE04EC0-301F-11D3-BF4B-00C04F79EFBC}") = "LuftDrive.ClientApp", "LuftDrive.ClientApp\LuftDrive.ClientApp.csproj", "{30AF3EBF-C849-4576-A79F-8FC8B6B08620}"
EndProject
Project("{FAE04EC0-301F-11D3-BF4B-00C04F79EFBC}") = "LuftDrive.Server", "LuftDrive.Server\LuftDrive.Server.csproj", "{4B7E12D5-E9CC-4B9A-963B-16093E2677B2}"
EndProject
Project("{FAE04EC0-301F-11D3-BF4B-00C04F79EFBC}") = "LuftDrive.Common", "LuftDrive.Common\LuftDrive.Common.csproj", "{10FD1DB4-71C8-4CAC-8238-5AFC96654A17}"
EndProject
Global
	GlobalSection(SolutionConfigurationPlatforms) = preSolution
		Debug|Any CPU = Debug|Any CPU
		Release|Any CPU = Release|Any CPU
	EndGlobalSection
	GlobalSection(ProjectConfigurationPlatforms) = postSolution
		{82190505-8DAC-4A97-A064-185002717C78}.Debug|Any CPU.ActiveCfg = Debug|Any CPU
		{82190505-8DAC-4A97-A064-185002717C78}.Debug|Any CPU.Build.0 = Debug|Any CPU
		{82190505-8DAC-4A97-A064-185002717C78}.Release|Any CPU.ActiveCfg = Release|Any CPU
		{82190505-8DAC-4A97-A064-185002717C78}.Release|Any CPU.Build.0 = Release|Any CPU
		{30AF3EBF-C849-4576-A79F-8FC8B6B08620}.Debug|Any CPU.ActiveCfg = Debug|Any CPU
		{30AF3EBF-C849-4576-A79F-8FC8B6B08620}.Debug|Any CPU.Build.0 = Debug|Any CPU
		{30AF3EBF-C849-4576-A79F-8FC8B6B08620}.Release|Any CPU.ActiveCfg = Release|Any CPU
		{30AF3EBF-C849-4576-A79F-8FC8B6B08620}.Release|Any CPU.Build.0 = Release|Any CPU
		{4B7E12D5-E9CC-4B9A-963B-16093E2677B2}.Debug|Any CPU.ActiveCfg = Debug|Any CPU
		{4B7E12D5-E9CC-4B9A-963B-16093E2677B2}.Debug|Any CPU.Build.0 = Debug|Any CPU
		{4B7E12D5-E9CC-4B9A-963B-16093E2677B2}.Release|Any CPU.ActiveCfg = Release|Any CPU
		{4B7E12D5-E9CC-4B9A-963B-16093E2677B2}.Release|Any CPU.Build.0 = Release|Any CPU
		{10FD1DB4-71C8-4CAC-8238-5AFC96654A17}.Debug|Any CPU.ActiveCfg = Debug|Any CPU
		{10FD1DB4-71C8-4CAC-8238-5AFC96654A17}.Debug|Any CPU.Build.0 = Debug|Any CPU
		{10FD1DB4-71C8-4CAC-8238-5AFC96654A17}.Release|Any CPU.ActiveCfg = Release|Any CPU
		{10FD1DB4-71C8-4CAC-8238-5AFC96654A17}.Release|Any CPU.Build.0 = Release|Any CPU
	EndGlobalSection
	GlobalSection(SolutionProperties) = preSolution
		HideSolutionNode = FALSE
	EndGlobalSection
	GlobalSection(ExtensibilityGlobals) = postSolution
		SolutionGuid = {B0C6506F-C7AC-4E9E-BC87-55179596A3B9}
	EndGlobalSection
EndGlobal
